{
    "_meta": {
        "hash": {
            "sha256": "a03ab412354456e36ddd31f107b7994369538a269c6f34caa780611a5f4855ed"
        },
        "pipfile-spec": 6,
        "requires": {},
        "sources": [
            {
                "name": "pypi",
                "url": "https://pypi.org/simple",
                "verify_ssl": true
            }
        ]
    },
    "default": {
        "jupyterlab": "*",
        "matplotlib": "*",
        "ndlib": "*",
        "numpy": "*",
        "pandas": "*",
        "scikit-learn": "*",
        "seaborn": "*"
    },
    "develop": {
        "black": "*",
        "bump2version": "*",
        "coverage": "*",
        "flake8": "*",
        "invoke": "*",
        "m2r": "*",
        "mypy": "*",
        "pre-commit": "*",
        "pyfakefs": "*",
        "pylint": "*",
        "pytest": "*",
        "pytest-cov": "*",
        "pytest-sugar": "*",
        "pytest-xdist": "*",
        "tox": "*",
        "twine": "*"
    }
}
